
Microsoft Visual Studio Solution File, Format Version 12.00
# Visual Studio Version 16
VisualStudioVersion = 16.0.31105.61
MinimumVisualStudioVersion = 10.0.40219.1
Project("{9A19103F-16F7-4668-BE54-9A1E7A4F7556}") = "Internship.DAL", "Internship.DAL\Internship.DAL.csproj", "{376D9BC2-1847-4DE6-A437-79ABCB3ABCD8}"
EndProject
Project("{9A19103F-16F7-4668-BE54-9A1E7A4F7556}") = "Internship.Web", "Internship.Web\Internship.Web.csproj", "{749A7C1C-5ABA-4197-B2B6-2090B8C050AF}"
EndProject
Project("{9A19103F-16F7-4668-BE54-9A1E7A4F7556}") = "Internship.Common", "Internship.Common\Internship.Common.csproj", "{5A8D0F37-0B4E-4D5F-B642-23E6DFFDCBCC}"
EndProject
Project("{FAE04EC0-301F-11D3-BF4B-00C04F79EFBC}") = "Internship.BL", "Internship.BL\Internship.BL.csproj", "{075A68E1-3AF5-4E2A-B0DC-229439BD567C}"
EndProject
Global
	GlobalSection(SolutionConfigurationPlatforms) = preSolution
		Debug|Any CPU = Debug|Any CPU
		Release|Any CPU = Release|Any CPU
	EndGlobalSection
	GlobalSection(ProjectConfigurationPlatforms) = postSolution
		{376D9BC2-1847-4DE6-A437-79ABCB3ABCD8}.Debug|Any CPU.ActiveCfg = Debug|Any CPU
		{376D9BC2-1847-4DE6-A437-79ABCB3ABCD8}.Debug|Any CPU.Build.0 = Debug|Any CPU
		{376D9BC2-1847-4DE6-A437-79ABCB3ABCD8}.Release|Any CPU.ActiveCfg = Release|Any CPU
		{376D9BC2-1847-4DE6-A437-79ABCB3ABCD8}.Release|Any CPU.Build.0 = Release|Any CPU
		{749A7C1C-5ABA-4197-B2B6-2090B8C050AF}.Debug|Any CPU.ActiveCfg = Debug|Any CPU
		{749A7C1C-5ABA-4197-B2B6-2090B8C050AF}.Debug|Any CPU.Build.0 = Debug|Any CPU
		{749A7C1C-5ABA-4197-B2B6-2090B8C050AF}.Release|Any CPU.ActiveCfg = Release|Any CPU
		{749A7C1C-5ABA-4197-B2B6-2090B8C050AF}.Release|Any CPU.Build.0 = Release|Any CPU
		{5A8D0F37-0B4E-4D5F-B642-23E6DFFDCBCC}.Debug|Any CPU.ActiveCfg = Debug|Any CPU
		{5A8D0F37-0B4E-4D5F-B642-23E6DFFDCBCC}.Debug|Any CPU.Build.0 = Debug|Any CPU
		{5A8D0F37-0B4E-4D5F-B642-23E6DFFDCBCC}.Release|Any CPU.ActiveCfg = Release|Any CPU
		{5A8D0F37-0B4E-4D5F-B642-23E6DFFDCBCC}.Release|Any CPU.Build.0 = Release|Any CPU
		{075A68E1-3AF5-4E2A-B0DC-229439BD567C}.Debug|Any CPU.ActiveCfg = Debug|Any CPU
		{075A68E1-3AF5-4E2A-B0DC-229439BD567C}.Debug|Any CPU.Build.0 = Debug|Any CPU
		{075A68E1-3AF5-4E2A-B0DC-229439BD567C}.Release|Any CPU.ActiveCfg = Release|Any CPU
		{075A68E1-3AF5-4E2A-B0DC-229439BD567C}.Release|Any CPU.Build.0 = Release|Any CPU
	EndGlobalSection
	GlobalSection(SolutionProperties) = preSolution
		HideSolutionNode = FALSE
	EndGlobalSection
	GlobalSection(ExtensibilityGlobals) = postSolution
		SolutionGuid = {53565586-65D5-4ADD-A8CA-9908330E414C}
	EndGlobalSection
EndGlobal
