
Microsoft Visual Studio Solution File, Format Version 12.00
# Visual Studio Version 16
VisualStudioVersion = 16.0.31105.61
MinimumVisualStudioVersion = 10.0.40219.1
Project("{9A19103F-16F7-4668-BE54-9A1E7A4F7556}") = "Internship.Web", "InternshipSystemBackend\Internship.Web.csproj", "{5EEF666D-7D7F-4135-9132-B498A077ADD6}"
EndProject
Project("{9A19103F-16F7-4668-BE54-9A1E7A4F7556}") = "Internship.DAL", "Internship.DAL\Internship.DAL.csproj", "{376D9BC2-1847-4DE6-A437-79ABCB3ABCD8}"
EndProject
Global
	GlobalSection(SolutionConfigurationPlatforms) = preSolution
		Debug|Any CPU = Debug|Any CPU
		Release|Any CPU = Release|Any CPU
	EndGlobalSection
	GlobalSection(ProjectConfigurationPlatforms) = postSolution
		{5EEF666D-7D7F-4135-9132-B498A077ADD6}.Debug|Any CPU.ActiveCfg = Debug|Any CPU
		{5EEF666D-7D7F-4135-9132-B498A077ADD6}.Debug|Any CPU.Build.0 = Debug|Any CPU
		{5EEF666D-7D7F-4135-9132-B498A077ADD6}.Release|Any CPU.ActiveCfg = Release|Any CPU
		{5EEF666D-7D7F-4135-9132-B498A077ADD6}.Release|Any CPU.Build.0 = Release|Any CPU
		{376D9BC2-1847-4DE6-A437-79ABCB3ABCD8}.Debug|Any CPU.ActiveCfg = Debug|Any CPU
		{376D9BC2-1847-4DE6-A437-79ABCB3ABCD8}.Debug|Any CPU.Build.0 = Debug|Any CPU
		{376D9BC2-1847-4DE6-A437-79ABCB3ABCD8}.Release|Any CPU.ActiveCfg = Release|Any CPU
		{376D9BC2-1847-4DE6-A437-79ABCB3ABCD8}.Release|Any CPU.Build.0 = Release|Any CPU
	EndGlobalSection
	GlobalSection(SolutionProperties) = preSolution
		HideSolutionNode = FALSE
	EndGlobalSection
	GlobalSection(ExtensibilityGlobals) = postSolution
		SolutionGuid = {53565586-65D5-4ADD-A8CA-9908330E414C}
	EndGlobalSection
EndGlobal
